
Microsoft Visual Studio Solution File, Format Version 12.00
# Visual Studio Version 16
VisualStudioVersion = 16.0.29926.136
MinimumVisualStudioVersion = 10.0.40219.1
Project("{FAE04EC0-301F-11D3-BF4B-00C04F79EFBC}") = "BigNumberGenerator", "BigNumberGenerator\BigNumberGenerator.csproj", "{069B3808-014C-4794-B026-50A4E60BD806}"
EndProject
Global
	GlobalSection(SolutionConfigurationPlatforms) = preSolution
		Debug|Any CPU = Debug|Any CPU
		Release|Any CPU = Release|Any CPU
	EndGlobalSection
	GlobalSection(ProjectConfigurationPlatforms) = postSolution
		{069B3808-014C-4794-B026-50A4E60BD806}.Debug|Any CPU.ActiveCfg = Debug|Any CPU
		{069B3808-014C-4794-B026-50A4E60BD806}.Debug|Any CPU.Build.0 = Debug|Any CPU
		{069B3808-014C-4794-B026-50A4E60BD806}.Release|Any CPU.ActiveCfg = Release|Any CPU
		{069B3808-014C-4794-B026-50A4E60BD806}.Release|Any CPU.Build.0 = Release|Any CPU
	EndGlobalSection
	GlobalSection(SolutionProperties) = preSolution
		HideSolutionNode = FALSE
	EndGlobalSection
	GlobalSection(ExtensibilityGlobals) = postSolution
		SolutionGuid = {2C1D50A0-3D3A-4559-8D79-D89C003C7EFE}
	EndGlobalSection
EndGlobal
